CareerCrawler
Microsoft Visual Studio Solution File, Format Version 12.00
# Visual Studio Version 17
VisualStudioVersion = 17.11.35312.102
MinimumVisualStudioVersion = 10.0.40219.1
Project("{9A19103F-16F7-4668-BE54-9A1E7A4F7556}") = "CareerCrawler", "CareerCrawler\CareerCrawler.csproj", "{0BB78DC7-F9C0-487A-A0B8-5263D0474A7B}"
EndProject
Global
	GlobalSection(SolutionConfigurationPlatforms) = preSolution
		Debug|Any CPU = Debug|Any CPU
		Release|Any CPU = Release|Any CPU
	EndGlobalSection
	GlobalSection(ProjectConfigurationPlatforms) = postSolution
		{0BB78DC7-F9C0-487A-A0B8-5263D0474A7B}.Debug|Any CPU.ActiveCfg = Debug|Any CPU
		{0BB78DC7-F9C0-487A-A0B8-5263D0474A7B}.Debug|Any CPU.Build.0 = Debug|Any CPU
		{0BB78DC7-F9C0-487A-A0B8-5263D0474A7B}.Release|Any CPU.ActiveCfg = Release|Any CPU
		{0BB78DC7-F9C0-487A-A0B8-5263D0474A7B}.Release|Any CPU.Build.0 = Release|Any CPU
	EndGlobalSection
	GlobalSection(SolutionProperties) = preSolution
		HideSolutionNode = FALSE
	EndGlobalSection
	GlobalSection(ExtensibilityGlobals) = postSolution
		SolutionGuid = {4CEC57CC-F293-4F3A-B8E2-439973C6998B}
	EndGlobalSection
EndGlobal
